// !$*UTF8*$!
{
	archiveVersion = 1;
	classes = {
	};
	objectVersion = 48;
	objects = {

/* Begin PBXBuildFile section */
		8DDE378F1F9256AD003A6170 /* AppDelegate.m in Sources */ = {isa = PBXBuildFile; fileRef = 8DDE378E1F9256AD003A6170 /* AppDelegate.m */; };
		8DDE37921F9256AD003A6170 /* ViewController.m in Sources */ = {isa = PBXBuildFile; fileRef = 8DDE37911F9256AD003A6170 /* ViewController.m */; };
		8DDE37951F9256AD003A6170 /* Main.storyboard in Resources */ = {isa = PBXBuildFile; fileRef = 8DDE37931F9256AD003A6170 /* Main.storyboard */; };
		8DDE37971F9256AD003A6170 /* Assets.xcassets in Resources */ = {isa = PBXBuildFile; fileRef = 8DDE37961F9256AD003A6170 /* Assets.xcassets */; };
		8DDE379A1F9256AD003A6170 /* LaunchScreen.storyboard in Resources */ = {isa = PBXBuildFile; fileRef = 8DDE37981F9256AD003A6170 /* LaunchScreen.storyboard */; };
		8DDE379D1F9256AD003A6170 /* main.m in Sources */ = {isa = PBXBuildFile; fileRef = 8DDE379C1F9256AD003A6170 /* main.m */; };
		8DDE37A71F9256AD003A6170 /* LYZStatusStyleTestTests.m in Sources */ = {isa = PBXBuildFile; fileRef = 8DDE37A61F9256AD003A6170 /* LYZStatusStyleTestTests.m */; };
		8DDE37B21F9256AD003A6170 /* LYZStatusStyleTestUITests.m in Sources */ = {isa = PBXBuildFile; fileRef = 8DDE37B11F9256AD003A6170 /* LYZStatusStyleTestUITests.m */; };
		8DDE37C11F9257FA003A6170 /* ToViewController.m in Sources */ = {isa = PBXBuildFile; fileRef = 8DDE37C01F9257FA003A6170 /* ToViewController.m */; };
		8DDE37C41F925A91003A6170 /* UINavigationController+StatusBar.m in Sources */ = {isa = PBXBuildFile; fileRef = 8DDE37C31F925A91003A6170 /* UINavigationController+StatusBar.m */; };
/* End PBXBuildFile section */

/* Begin PBXContainerItemProxy section */
		8DDE37A31F9256AD003A6170 /* PBXContainerItemProxy */ = {
			isa = PBXContainerItemProxy;
			containerPortal = 8DDE37821F9256AD003A6170 /* Project object */;
			proxyType = 1;
			remoteGlobalIDString = 8DDE37891F9256AD003A6170;
			remoteInfo = LYZStatusStyleTest;
		};
		8DDE37AE1F9256AD003A6170 /* PBXContainerItemProxy */ = {
			isa = PBXContainerItemProxy;
			containerPortal = 8DDE37821F9256AD003A6170 /* Project object */;
			proxyType = 1;
			remoteGlobalIDString = 8DDE37891F9256AD003A6170;
			remoteInfo = LYZStatusStyleTest;
		};
/* End PBXContainerItemProxy section */

/* Begin PBXFileReference section */
		8DDE378A1F9256AD003A6170 /* LYZStatusStyleTest.app */ = {isa = PBXFileReference; explicitFileType = wrapper.application; includeInIndex = 0; path = LYZStatusStyleTest.app; sourceTree = BUILT_PRODUCTS_DIR; };
		8DDE378D1F9256AD003A6170 /* AppDelegate.h */ = {isa = PBXFileReference; lastKnownFileType = sourcecode.c.h; path = AppDelegate.h; sourceTree = "<group>"; };
		8DDE378E1F9256AD003A6170 /* AppDelegate.m */ = {isa = PBXFileReference; lastKnownFileType = sourcecode.c.objc; path = AppDelegate.m; sourceTree = "<group>"; };
		8DDE37901F9256AD003A6170 /* ViewController.h */ = {isa = PBXFileReference; lastKnownFileType = sourcecode.c.h; path = ViewController.h; sourceTree = "<group>"; };
		8DDE37911F9256AD003A6170 /* ViewController.m */ = {isa = PBXFileReference; lastKnownFileType = sourcecode.c.objc; path = ViewController.m; sourceTree = "<group>"; };
		8DDE37941F9256AD003A6170 /* Base */ = {isa = PBXFileReference; lastKnownFileType = file.storyboard; name = Base; path = Base.lproj/Main.storyboard; sourceTree = "<group>"; };
		8DDE37961F9256AD003A6170 /* Assets.xcassets */ = {isa = PBXFileReference; lastKnownFileType = folder.assetcatalog; path = Assets.xcassets; sourceTree = "<group>"; };
		8DDE37991F9256AD003A6170 /* Base */ = {isa = PBXFileReference; lastKnownFileType = file.storyboard; name = Base; path = Base.lproj/LaunchScreen.storyboard; sourceTree = "<group>"; };
		8DDE379B1F9256AD003A6170 /* Info.plist */ = {isa = PBXFileReference; lastKnownFileType = text.plist.xml; path = Info.plist; sourceTree = "<group>"; };
		8DDE379C1F9256AD003A6170 /* main.m */ = {isa = PBXFileReference; lastKnownFileType = sourcecode.c.objc; path = main.m; sourceTree = "<group>"; };
		8DDE37A21F9256AD003A6170 /* LYZStatusStyleTestTests.xctest */ = {isa = PBXFileReference; explicitFileType = wrapper.cfbundle; includeInIndex = 0; path = LYZStatusStyleTestTests.xctest; sourceTree = BUILT_PRODUCTS_DIR; };
		8DDE37A61F9256AD003A6170 /* LYZStatusStyleTestTests.m */ = {isa = PBXFileReference; lastKnownFileType = sourcecode.c.objc; path = LYZStatusStyleTestTests.m; sourceTree = "<group>"; };
		8DDE37A81F9256AD003A6170 /* Info.plist */ = {isa = PBXFileReference; lastKnownFileType = text.plist.xml; path = Info.plist; sourceTree = "<group>"; };
		8DDE37AD1F9256AD003A6170 /* LYZStatusStyleTestUITests.xctest */ = {isa = PBXFileReference; explicitFileType = wrapper.cfbundle; includeInIndex = 0; path = LYZStatusStyleTestUITests.xctest; sourceTree = BUILT_PRODUCTS_DIR; };
		8DDE37B11F9256AD003A6170 /* LYZStatusStyleTestUITests.m */ = {isa = PBXFileReference; lastKnownFileType = sourcecode.c.objc; path = LYZStatusStyleTestUITests.m; sourceTree = "<group>"; };
		8DDE37B31F9256AD003A6170 /* Info.plist */ = {isa = PBXFileReference; lastKnownFileType = text.plist.xml; path = Info.plist; sourceTree = "<group>"; };
		8DDE37BF1F9257FA003A6170 /* ToViewController.h */ = {isa = PBXFileReference; lastKnownFileType = sourcecode.c.h; path = ToViewController.h; sourceTree = "<group>"; };
		8DDE37C01F9257FA003A6170 /* ToViewController.m */ = {isa = PBXFileReference; lastKnownFileType = sourcecode.c.objc; path = ToViewController.m; sourceTree = "<group>"; };
		8DDE37C21F925A91003A6170 /* UINavigationController+StatusBar.h */ = {isa = PBXFileReference; lastKnownFileType = sourcecode.c.h; path = "UINavigationController+StatusBar.h"; sourceTree = "<group>"; };
		8DDE37C31F925A91003A6170 /* UINavigationController+StatusBar.m */ = {isa = PBXFileReference; lastKnownFileType = sourcecode.c.objc; path = "UINavigationController+StatusBar.m"; sourceTree = "<group>"; };
/* End PBXFileReference section */

/* Begin PBXFrameworksBuildPhase section */
		8DDE37871F9256AD003A6170 /* Frameworks */ = {
			isa = PBXFrameworksBuildPhase;
			buildActionMask = 2147483647;
			files = (
			);
			runOnlyForDeploymentPostprocessing = 0;
		};
		8DDE379F1F9256AD003A6170 /* Frameworks */ = {
			isa = PBXFrameworksBuildPhase;
			buildActionMask = 2147483647;
			files = (
			);
			runOnlyForDeploymentPostprocessing = 0;
		};
		8DDE37AA1F9256AD003A6170 /* Frameworks */ = {
			isa = PBXFrameworksBuildPhase;
			buildActionMask = 2147483647;
			files = (
			);
			runOnlyForDeploymentPostprocessing = 0;
		};
/* End PBXFrameworksBuildPhase section */

/* Begin PBXGroup section */
		8DDE37811F9256AD003A6170 = {
			isa = PBXGroup;
			children = (
				8DDE378C1F9256AD003A6170 /* LYZStatusStyleTest */,
				8DDE37A51F9256AD003A6170 /* LYZStatusStyleTestTests */,
				8DDE37B01F9256AD003A6170 /* LYZStatusStyleTestUITests */,
				8DDE378B1F9256AD003A6170 /* Products */,
			);
			sourceTree = "<group>";
		};
		8DDE378B1F9256AD003A6170 /* Products */ = {
			isa = PBXGroup;
			children = (
				8DDE378A1F9256AD003A6170 /* LYZStatusStyleTest.app */,
				8DDE37A21F9256AD003A6170 /* LYZStatusStyleTestTests.xctest */,
				8DDE37AD1F9256AD003A6170 /* LYZStatusStyleTestUITests.xctest */,
			);
			name = Products;
			sourceTree = "<group>";
		};
		8DDE378C1F9256AD003A6170 /* LYZStatusStyleTest */ = {
			isa = PBXGroup;
			children = (
				8DDE378D1F9256AD003A6170 /* AppDelegate.h */,
				8DDE378E1F9256AD003A6170 /* AppDelegate.m */,
				8DDE37901F9256AD003A6170 /* ViewController.h */,
				8DDE37911F9256AD003A6170 /* ViewController.m */,
				8DDE37BF1F9257FA003A6170 /* ToViewController.h */,
				8DDE37C01F9257FA003A6170 /* ToViewController.m */,
				8DDE37C21F925A91003A6170 /* UINavigationController+StatusBar.h */,
				8DDE37C31F925A91003A6170 /* UINavigationController+StatusBar.m */,
				8DDE37931F9256AD003A6170 /* Main.storyboard */,
				8DDE37961F9256AD003A6170 /* Assets.xcassets */,
				8DDE37981F9256AD003A6170 /* LaunchScreen.storyboard */,
				8DDE379B1F9256AD003A6170 /* Info.plist */,
				8DDE379C1F9256AD003A6170 /* main.m */,
			);
			path = LYZStatusStyleTest;
			sourceTree = "<group>";
		};
		8DDE37A51F9256AD003A6170 /* LYZStatusStyleTestTests */ = {
			isa = PBXGroup;
			children = (
				8DDE37A61F9256AD003A6170 /* LYZStatusStyleTestTests.m */,
				8DDE37A81F9256AD003A6170 /* Info.plist */,
			);
			path = LYZStatusStyleTestTests;
			sourceTree = "<group>";
		};
		8DDE37B01F9256AD003A6170 /* LYZStatusStyleTestUITests */ = {
			isa = PBXGroup;
			children = (
				8DDE37B11F9256AD003A6170 /* LYZStatusStyleTestUITests.m */,
				8DDE37B31F9256AD003A6170 /* Info.plist */,
			);
			path = LYZStatusStyleTestUITests;
			sourceTree = "<group>";
		};
/* End PBXGroup section */

/* Begin PBXNativeTarget section */
		8DDE37891F9256AD003A6170 /* LYZStatusStyleTest */ = {
			isa = PBXNativeTarget;
			buildConfigurationList = 8DDE37B61F9256AD003A6170 /* Build configuration list for PBXNativeTarget "LYZStatusStyleTest" */;
			buildPhases = (
				8DDE37861F9256AD003A6170 /* Sources */,
				8DDE37871F9256AD003A6170 /* Frameworks */,
				8DDE37881F9256AD003A6170 /* Resources */,
			);
			buildRules = (
			);
			dependencies = (
			);
			name = LYZStatusStyleTest;
			productName = LYZStatusStyleTest;
			productReference = 8DDE378A1F9256AD003A6170 /* LYZStatusStyleTest.app */;
			productType = "com.apple.product-type.application";
		};
		8DDE37A11F9256AD003A6170 /* LYZStatusStyleTestTests */ = {
			isa = PBXNativeTarget;
			buildConfigurationList = 8DDE37B91F9256AD003A6170 /* Build configuration list for PBXNativeTarget "LYZStatusStyleTestTests" */;
			buildPhases = (
				8DDE379E1F9256AD003A6170 /* Sources */,
				8DDE379F1F9256AD003A6170 /* Frameworks */,
				8DDE37A01F9256AD003A6170 /* Resources */,
			);
			buildRules = (
			);
			dependencies = (
				8DDE37A41F9256AD003A6170 /* PBXTargetDependency */,
			);
			name = LYZStatusStyleTestTests;
			productName = LYZStatusStyleTestTests;
			productReference = 8DDE37A21F9256AD003A6170 /* LYZStatusStyleTestTests.xctest */;
			productType = "com.apple.product-type.bundle.unit-test";
		};
		8DDE37AC1F9256AD003A6170 /* LYZStatusStyleTestUITests */ = {
			isa = PBXNativeTarget;
			buildConfigurationList = 8DDE37BC1F9256AD003A6170 /* Build configuration list for PBXNativeTarget "LYZStatusStyleTestUITests" */;
			buildPhases = (
				8DDE37A91F9256AD003A6170 /* Sources */,
				8DDE37AA1F9256AD003A6170 /* Frameworks */,
				8DDE37AB1F9256AD003A6170 /* Resources */,
			);
			buildRules = (
			);
			dependencies = (
				8DDE37AF1F9256AD003A6170 /* PBXTargetDependency */,
			);
			name = LYZStatusStyleTestUITests;
			productName = LYZStatusStyleTestUITests;
			productReference = 8DDE37AD1F9256AD003A6170 /* LYZStatusStyleTestUITests.xctest */;
			productType = "com.apple.product-type.bundle.ui-testing";
		};
/* End PBXNativeTarget section */

/* Begin PBXProject section */
		8DDE37821F9256AD003A6170 /* Project object */ = {
			isa = PBXProject;
			attributes = {
				LastUpgradeCheck = 0900;
				ORGANIZATIONNAME = "lazy-iOS2";
				TargetAttributes = {
					8DDE37891F9256AD003A6170 = {
						CreatedOnToolsVersion = 9.0;
						ProvisioningStyle = Automatic;
					};
					8DDE37A11F9256AD003A6170 = {
						CreatedOnToolsVersion = 9.0;
						ProvisioningStyle = Automatic;
						TestTargetID = 8DDE37891F9256AD003A6170;
					};
					8DDE37AC1F9256AD003A6170 = {
						CreatedOnToolsVersion = 9.0;
						ProvisioningStyle = Automatic;
						TestTargetID = 8DDE37891F9256AD003A6170;
					};
				};
			};
			buildConfigurationList = 8DDE37851F9256AD003A6170 /* Build configuration list for PBXProject "LYZStatusStyleTest" */;
			compatibilityVersion = "Xcode 8.0";
			developmentRegion = en;
			hasScannedForEncodings = 0;
			knownRegions = (
				en,
				Base,
			);
			mainGroup = 8DDE37811F9256AD003A6170;
			productRefGroup = 8DDE378B1F9256AD003A6170 /* Products */;
			projectDirPath = "";
			projectRoot = "";
			targets = (
				8DDE37891F9256AD003A6170 /* LYZStatusStyleTest */,
				8DDE37A11F9256AD003A6170 /* LYZStatusStyleTestTests */,
				8DDE37AC1F9256AD003A6170 /* LYZStatusStyleTestUITests */,
			);
		};
/* End PBXProject section */

/* Begin PBXResourcesBuildPhase section */
		8DDE37881F9256AD003A6170 /* Resources */ = {
			isa = PBXResourcesBuildPhase;
			buildActionMask = 2147483647;
			files = (
				8DDE379A1F9256AD003A6170 /* LaunchScreen.storyboard in Resources */,
				8DDE37971F9256AD003A6170 /* Assets.xcassets in Resources */,
				8DDE37951F9256AD003A6170 /* Main.storyboard in Resources */,
			);
			runOnlyForDeploymentPostprocessing = 0;
		};
		8DDE37A01F9256AD003A6170 /* Resources */ = {
			isa = PBXResourcesBuildPhase;
			buildActionMask = 2147483647;
			files = (
			);
			runOnlyForDeploymentPostprocessing = 0;
		};
		8DDE37AB1F9256AD003A6170 /* Resources */ = {
			isa = PBXResourcesBuildPhase;
			buildActionMask = 2147483647;
			files = (
			);
			runOnlyForDeploymentPostprocessing = 0;
		};
/* End PBXResourcesBuildPhase section */

/* Begin PBXSourcesBuildPhase section */
		8DDE37861F9256AD003A6170 /* Sources */ = {
			isa = PBXSourcesBuildPhase;
			buildActionMask = 2147483647;
			files = (
				8DDE37921F9256AD003A6170 /* ViewController.m in Sources */,
				8DDE37C41F925A91003A6170 /* UINavigationController+StatusBar.m in Sources */,
				8DDE379D1F9256AD003A6170 /* main.m in Sources */,
				8DDE378F1F9256AD003A6170 /* AppDelegate.m in Sources */,
				8DDE37C11F9257FA003A6170 /* ToViewController.m in Sources */,
			);
			runOnlyForDeploymentPostprocessing = 0;
		};
		8DDE379E1F9256AD003A6170 /* Sources */ = {
			isa = PBXSourcesBuildPhase;
			buildActionMask = 2147483647;
			files = (
				8DDE37A71F9256AD003A6170 /* LYZStatusStyleTestTests.m in Sources */,
			);
			runOnlyForDeploymentPostprocessing = 0;
		};
		8DDE37A91F9256AD003A6170 /* Sources */ = {
			isa = PBXSourcesBuildPhase;
			buildActionMask = 2147483647;
			files = (
				8DDE37B21F9256AD003A6170 /* LYZStatusStyleTestUITests.m in Sources */,
			);
			runOnlyForDeploymentPostprocessing = 0;
		};
/* End PBXSourcesBuildPhase section */

/* Begin PBXTargetDependency section */
		8DDE37A41F9256AD003A6170 /* PBXTargetDependency */ = {
			isa = PBXTargetDependency;
			target = 8DDE37891F9256AD003A6170 /* LYZStatusStyleTest */;
			targetProxy = 8DDE37A31F9256AD003A6170 /* PBXContainerItemProxy */;
		};
		8DDE37AF1F9256AD003A6170 /* PBXTargetDependency */ = {
			isa = PBXTargetDependency;
			target = 8DDE37891F9256AD003A6170 /* LYZStatusStyleTest */;
			targetProxy = 8DDE37AE1F9256AD003A6170 /* PBXContainerItemProxy */;
		};
/* End PBXTargetDependency section */

/* Begin PBXVariantGroup section */
		8DDE37931F9256AD003A6170 /* Main.storyboard */ = {
			isa = PBXVariantGroup;
			children = (
				8DDE37941F9256AD003A6170 /* Base */,
			);
			name = Main.storyboard;
			sourceTree = "<group>";
		};
		8DDE37981F9256AD003A6170 /* LaunchScreen.storyboard */ = {
			isa = PBXVariantGroup;
			children = (
				8DDE37991F9256AD003A6170 /* Base */,
			);
			name = LaunchScreen.storyboard;
			sourceTree = "<group>";
		};
/* End PBXVariantGroup section */

/* Begin XCBuildConfiguration section */
		8DDE37B41F9256AD003A6170 /* Debug */ = {
			isa = XCBuildConfiguration;
			buildSettings = {
				ALWAYS_SEARCH_USER_PATHS = NO;
				CLANG_ANALYZER_NONNULL = YES;
				CLANG_ANALYZER_NUMBER_OBJECT_CONVERSION = YES_AGGRESSIVE;
				CLANG_CXX_LANGUAGE_STANDARD = "gnu++14";
				CLANG_CXX_LIBRARY = "libc++";
				CLANG_ENABLE_MODULES = YES;
				CLANG_ENABLE_OBJC_ARC = YES;
				CLANG_WARN_BLOCK_CAPTURE_AUTORELEASING = YES;
				CLANG_WARN_BOOL_CONVERSION = YES;
				CLANG_WARN_COMMA = YES;
				CLANG_WARN_CONSTANT_CONVERSION = YES;
				CLANG_WARN_DIRECT_OBJC_ISA_USAGE = YES_ERROR;
				CLANG_WARN_DOCUMENTATION_COMMENTS = YES;
				CLANG_WARN_EMPTY_BODY = YES;
				CLANG_WARN_ENUM_CONVERSION = YES;
				CLANG_WARN_INFINITE_RECURSION = YES;
				CLANG_WARN_INT_CONVERSION = YES;
				CLANG_WARN_NON_LITERAL_NULL_CONVERSION = YES;
				CLANG_WARN_OBJC_LITERAL_CONVERSION = YES;
				CLANG_WARN_OBJC_ROOT_CLASS = YES_ERROR;
				CLANG_WARN_RANGE_LOOP_ANALYSIS = YES;
				CLANG_WARN_STRICT_PROTOTYPES = YES;
				CLANG_WARN_SUSPICIOUS_MOVE = YES;
				CLANG_WARN_UNGUARDED_AVAILABILITY = YES_AGGRESSIVE;
				CLANG_WARN_UNREACHABLE_CODE = YES;
				CLANG_WARN__DUPLICATE_METHOD_MATCH = YES;
				CODE_SIGN_IDENTITY = "iPhone Developer";
				COPY_PHASE_STRIP = NO;
				DEBUG_INFORMATION_FORMAT = dwarf;
				ENABLE_STRICT_OBJC_MSGSEND = YES;
				ENABLE_TESTABILITY = YES;
				GCC_C_LANGUAGE_STANDARD = gnu11;
				GCC_DYNAMIC_NO_PIC = NO;
				GCC_NO_COMMON_BLOCKS = YES;
				GCC_OPTIMIZATION_LEVEL = 0;
				GCC_PREPROCESSOR_DEFINITIONS = (
					"DEBUG=1",
					"$(inherited)",
				);
				GCC_WARN_64_TO_32_BIT_CONVERSION = YES;
				GCC_WARN_ABOUT_RETURN_TYPE = YES_ERROR;
				GCC_WARN_UNDECLARED_SELECTOR = YES;
				GCC_WARN_UNINITIALIZED_AUTOS = YES_AGGRESSIVE;
				GCC_WARN_UNUSED_FUNCTION = YES;
				GCC_WARN_UNUSED_VARIABLE = YES;
				IPHONEOS_DEPLOYMENT_TARGET = 11.0;
				MTL_ENABLE_DEBUG_INFO = YES;
				ONLY_ACTIVE_ARCH = YES;
				SDKROOT = iphoneos;
			};
			name = Debug;
		};
		8DDE37B51F9256AD003A6170 /* Release */ = {
			isa = XCBuildConfiguration;
			buildSettings = {
				ALWAYS_SEARCH_USER_PATHS = NO;
				CLANG_ANALYZER_NONNULL = YES;
				CLANG_ANALYZER_NUMBER_OBJECT_CONVERSION = YES_AGGRESSIVE;
				CLANG_CXX_LANGUAGE_STANDARD = "gnu++14";
				CLANG_CXX_LIBRARY = "libc++";
				CLANG_ENABLE_MODULES = YES;
				CLANG_ENABLE_OBJC_ARC = YES;
				CLANG_WARN_BLOCK_CAPTURE_AUTORELEASING = YES;
				CLANG_WARN_BOOL_CONVERSION = YES;
				CLANG_WARN_COMMA = YES;
				CLANG_WARN_CONSTANT_CONVERSION = YES;
				CLANG_WARN_DIRECT_OBJC_ISA_USAGE = YES_ERROR;
				CLANG_WARN_DOCUMENTATION_COMMENTS = YES;
				CLANG_WARN_EMPTY_BODY = YES;
				CLANG_WARN_ENUM_CONVERSION = YES;
				CLANG_WARN_INFINITE_RECURSION = YES;
				CLANG_WARN_INT_CONVERSION = YES;
				CLANG_WARN_NON_LITERAL_NULL_CONVERSION = YES;
				CLANG_WARN_OBJC_LITERAL_CONVERSION = YES;
				CLANG_WARN_OBJC_ROOT_CLASS = YES_ERROR;
				CLANG_WARN_RANGE_LOOP_ANALYSIS = YES;
				CLANG_WARN_STRICT_PROTOTYPES = YES;
				CLANG_WARN_SUSPICIOUS_MOVE = YES;
				CLANG_WARN_UNGUARDED_AVAILABILITY = YES_AGGRESSIVE;
				CLANG_WARN_UNREACHABLE_CODE = YES;
				CLANG_WARN__DUPLICATE_METHOD_MATCH = YES;
				CODE_SIGN_IDENTITY = "iPhone Developer";
				COPY_PHASE_STRIP = NO;
				DEBUG_INFORMATION_FORMAT = "dwarf-with-dsym";
				ENABLE_NS_ASSERTIONS = NO;
				ENABLE_STRICT_OBJC_MSGSEND = YES;
				GCC_C_LANGUAGE_STANDARD = gnu11;
				GCC_NO_COMMON_BLOCKS = YES;
				GCC_WARN_64_TO_32_BIT_CONVERSION = YES;
				GCC_WARN_ABOUT_RETURN_TYPE = YES_ERROR;
				GCC_WARN_UNDECLARED_SELECTOR = YES;
				GCC_WARN_UNINITIALIZED_AUTOS = YES_AGGRESSIVE;
				GCC_WARN_UNUSED_FUNCTION = YES;
				GCC_WARN_UNUSED_VARIABLE = YES;
				IPHONEOS_DEPLOYMENT_TARGET = 11.0;
				MTL_ENABLE_DEBUG_INFO = NO;
				SDKROOT = iphoneos;
				VALIDATE_PRODUCT = YES;
			};
			name = Release;
		};
		8DDE37B71F9256AD003A6170 /* Debug */ = {
			isa = XCBuildConfiguration;
			buildSettings = {
				ASSETCATALOG_COMPILER_APPICON_NAME = AppIcon;
				CODE_SIGN_STYLE = Automatic;
				INFOPLIST_FILE = LYZStatusStyleTest/Info.plist;
				LD_RUNPATH_SEARCH_PATHS = "$(inherited) @executable_path/Frameworks";
				PRODUCT_BUNDLE_IDENTIFIER = lrts.LYZStatusStyleTest;
				PRODUCT_NAME = "$(TARGET_NAME)";
				TARGETED_DEVICE_FAMILY = "1,2";
			};
			name = Debug;
		};
		8DDE37B81F9256AD003A6170 /* Release */ = {
			isa = XCBuildConfiguration;
			buildSettings = {
				ASSETCATALOG_COMPILER_APPICON_NAME = AppIcon;
				CODE_SIGN_STYLE = Automatic;
				INFOPLIST_FILE = LYZStatusStyleTest/Info.plist;
				LD_RUNPATH_SEARCH_PATHS = "$(inherited) @executable_path/Frameworks";
				PRODUCT_BUNDLE_IDENTIFIER = lrts.LYZStatusStyleTest;
				PRODUCT_NAME = "$(TARGET_NAME)";
				TARGETED_DEVICE_FAMILY = "1,2";
			};
			name = Release;
		};
		8DDE37BA1F9256AD003A6170 /* Debug */ = {
			isa = XCBuildConfiguration;
			buildSettings = {
				BUNDLE_LOADER = "$(TEST_HOST)";
				CODE_SIGN_STYLE = Automatic;
				INFOPLIST_FILE = LYZStatusStyleTestTests/Info.plist;
				LD_RUNPATH_SEARCH_PATHS = "$(inherited) @executable_path/Frameworks @loader_path/Frameworks";
				PRODUCT_BUNDLE_IDENTIFIER = lrts.LYZStatusStyleTestTests;
				PRODUCT_NAME = "$(TARGET_NAME)";
				TARGETED_DEVICE_FAMILY = "1,2";
				TEST_HOST = "$(BUILT_PRODUCTS_DIR)/LYZStatusStyleTest.app/LYZStatusStyleTest";
			};
			name = Debug;
		};
		8DDE37BB1F9256AD003A6170 /* Release */ = {
			isa = XCBuildConfiguration;
			buildSettings = {
				BUNDLE_LOADER = "$(TEST_HOST)";
				CODE_SIGN_STYLE = Automatic;
				INFOPLIST_FILE = LYZStatusStyleTestTests/Info.plist;
				LD_RUNPATH_SEARCH_PATHS = "$(inherited) @executable_path/Frameworks @loader_path/Frameworks";
				PRODUCT_BUNDLE_IDENTIFIER = lrts.LYZStatusStyleTestTests;
				PRODUCT_NAME = "$(TARGET_NAME)";
				TARGETED_DEVICE_FAMILY = "1,2";
				TEST_HOST = "$(BUILT_PRODUCTS_DIR)/LYZStatusStyleTest.app/LYZStatusStyleTest";
			};
			name = Release;
		};
		8DDE37BD1F9256AD003A6170 /* Debug */ = {
			isa = XCBuildConfiguration;
			buildSettings = {
				CODE_SIGN_STYLE = Automatic;
				INFOPLIST_FILE = LYZStatusStyleTestUITests/Info.plist;
				LD_RUNPATH_SEARCH_PATHS = "$(inherited) @executable_path/Frameworks @loader_path/Frameworks";
				PRODUCT_BUNDLE_IDENTIFIER = lrts.LYZStatusStyleTestUITests;
				PRODUCT_NAME = "$(TARGET_NAME)";
				TARGETED_DEVICE_FAMILY = "1,2";
				TEST_TARGET_NAME = LYZStatusStyleTest;
			};
			name = Debug;
		};
		8DDE37BE1F9256AD003A6170 /* Release */ = {
			isa = XCBuildConfiguration;
			buildSettings = {
				CODE_SIGN_STYLE = Automatic;
				INFOPLIST_FILE = LYZStatusStyleTestUITests/Info.plist;
				LD_RUNPATH_SEARCH_PATHS = "$(inherited) @executable_path/Frameworks @loader_path/Frameworks";
				PRODUCT_BUNDLE_IDENTIFIER = lrts.LYZStatusStyleTestUITests;
				PRODUCT_NAME = "$(TARGET_NAME)";
				TARGETED_DEVICE_FAMILY = "1,2";
				TEST_TARGET_NAME = LYZStatusStyleTest;
			};
			name = Release;
		};
/* End XCBuildConfiguration section */

/* Begin XCConfigurationList section */
		8DDE37851F9256AD003A6170 /* Build configuration list for PBXProject "LYZStatusStyleTest" */ = {
			isa = XCConfigurationList;
			buildConfigurations = (
				8DDE37B41F9256AD003A6170 /* Debug */,
				8DDE37B51F9256AD003A6170 /* Release */,
			);
			defaultConfigurationIsVisible = 0;
			defaultConfigurationName = Release;
		};
		8DDE37B61F9256AD003A6170 /* Build configuration list for PBXNativeTarget "LYZStatusStyleTest" */ = {
			isa = XCConfigurationList;
			buildConfigurations = (
				8DDE37B71F9256AD003A6170 /* Debug */,
				8DDE37B81F9256AD003A6170 /* Release */,
			);
			defaultConfigurationIsVisible = 0;
			defaultConfigurationName = Release;
		};
		8DDE37B91F9256AD003A6170 /* Build configuration list for PBXNativeTarget "LYZStatusStyleTestTests" */ = {
			isa = XCConfigurationList;
			buildConfigurations = (
				8DDE37BA1F9256AD003A6170 /* Debug */,
				8DDE37BB1F9256AD003A6170 /* Release */,
			);
			defaultConfigurationIsVisible = 0;
			defaultConfigurationName = Release;
		};
		8DDE37BC1F9256AD003A6170 /* Build configuration list for PBXNativeTarget "LYZStatusStyleTestUITests" */ = {
			isa = XCConfigurationList;
			buildConfigurations = (
				8DDE37BD1F9256AD003A6170 /* Debug */,
				8DDE37BE1F9256AD003A6170 /* Release */,
			);
			defaultConfigurationIsVisible = 0;
			defaultConfigurationName = Release;
		};
/* End XCConfigurationList section */
	};
	rootObject = 8DDE37821F9256AD003A6170 /* Project object */;
}
